{
    "name": "powerwatch-deployment-manager",
    "version": "0.0.1",
    "lockfileVersion": 1,
    "requires": true,
    "dependencies": {
        "ajv": {
            "version": "6.10.0",
            "resolved": "https://registry.npmjs.org/ajv/-/ajv-6.10.0.tgz",
            "integrity": "sha512-nffhOpkymDECQyR0mnsUtoCE8RlX38G0rYP+wgLWFyZuUyuuojSSvi/+euOiQBIn63whYwYVIIH1TvE3tu4OEg==",
            "requires": {
                "fast-deep-equal": "^2.0.1",
                "fast-json-stable-stringify": "^2.0.0",
                "json-schema-traverse": "^0.4.1",
                "uri-js": "^4.2.2"
            }
        },
        "arr-union": {
            "version": "3.1.0",
            "resolved": "https://registry.npmjs.org/arr-union/-/arr-union-3.1.0.tgz",
            "integrity": "sha1-45sJrqne+Gao8gbiiK9jkZuuOcQ="
        },
        "asap": {
            "version": "2.0.6",
            "resolved": "https://registry.npmjs.org/asap/-/asap-2.0.6.tgz",
            "integrity": "sha1-5QNHYR1+aQlDIIu9r+vLwvuGbUY="
        },
        "asn1": {
            "version": "0.2.4",
            "resolved": "https://registry.npmjs.org/asn1/-/asn1-0.2.4.tgz",
            "integrity": "sha512-jxwzQpLQjSmWXgwaCZE9Nz+glAG01yF1QnWgbhGwHI5A6FRIEY6IVqtHhIepHqI7/kyEyQEagBC5mBEFlIYvdg==",
            "requires": {
                "safer-buffer": "~2.1.0"
            }
        },
        "assert-plus": {
            "version": "1.0.0",
            "resolved": "https://registry.npmjs.org/assert-plus/-/assert-plus-1.0.0.tgz",
            "integrity": "sha1-8S4PPF13sLHN2RRpQuTpbB5N1SU="
        },
        "async": {
            "version": "2.6.1",
            "resolved": "https://registry.npmjs.org/async/-/async-2.6.1.tgz",
            "integrity": "sha512-fNEiL2+AZt6AlAw/29Cr0UDe4sRAHCpEHh54WMz+Bb7QfNcFw4h3loofyJpLeQs4Yx7yuqu/2dLgM5hKOs6HlQ==",
            "requires": {
                "lodash": "^4.17.10"
            }
        },
        "asynckit": {
            "version": "0.4.0",
            "resolved": "https://registry.npmjs.org/asynckit/-/asynckit-0.4.0.tgz",
            "integrity": "sha1-x57Zf380y48robyXkLzDZkdLS3k="
        },
        "aws-sign2": {
            "version": "0.7.0",
            "resolved": "https://registry.npmjs.org/aws-sign2/-/aws-sign2-0.7.0.tgz",
            "integrity": "sha1-tG6JCTSpWR8tL2+G1+ap8bP+dqg="
        },
        "aws4": {
            "version": "1.8.0",
            "resolved": "https://registry.npmjs.org/aws4/-/aws4-1.8.0.tgz",
            "integrity": "sha512-ReZxvNHIOv88FlT7rxcXIIC0fPt4KZqZbOlivyWtXLt8ESx84zd3kMC6iK5jVeS2qt+g7ftS7ye4fi06X5rtRQ=="
        },
        "bcrypt-pbkdf": {
            "version": "1.0.2",
            "resolved": "https://registry.npmjs.org/bcrypt-pbkdf/-/bcrypt-pbkdf-1.0.2.tgz",
            "integrity": "sha1-pDAdOJtqQ/m2f/PKEaP2Y342Dp4=",
            "requires": {
                "tweetnacl": "^0.14.3"
            }
        },
        "body-parser": {
            "version": "1.18.3",
            "resolved": "https://registry.npmjs.org/body-parser/-/body-parser-1.18.3.tgz",
            "integrity": "sha1-WykhmP/dVTs6DyDe0FkrlWlVyLQ=",
            "requires": {
                "bytes": "3.0.0",
                "content-type": "~1.0.4",
                "debug": "2.6.9",
                "depd": "~1.1.2",
                "http-errors": "~1.6.3",
                "iconv-lite": "0.4.23",
                "on-finished": "~2.3.0",
                "qs": "6.5.2",
                "raw-body": "2.3.3",
                "type-is": "~1.6.16"
            }
        },
        "buffer-equal-constant-time": {
            "version": "1.0.1",
            "resolved": "https://registry.npmjs.org/buffer-equal-constant-time/-/buffer-equal-constant-time-1.0.1.tgz",
            "integrity": "sha1-+OcRMvf/5uAaXJaXpMbz5I1cyBk="
        },
        "buffer-writer": {
            "version": "2.0.0",
            "resolved": "https://registry.npmjs.org/buffer-writer/-/buffer-writer-2.0.0.tgz",
            "integrity": "sha512-a7ZpuTZU1TRtnwyCNW3I5dc0wWNC3VR9S++Ewyk2HHZdrO3CQJqSpd+95Us590V6AL7JqUAH2IwZ/398PmNFgw=="
        },
        "bytes": {
            "version": "3.0.0",
            "resolved": "https://registry.npmjs.org/bytes/-/bytes-3.0.0.tgz",
            "integrity": "sha1-0ygVQE1olpn4Wk6k+odV3ROpYEg="
        },
        "bytewise": {
            "version": "1.1.0",
            "resolved": "https://registry.npmjs.org/bytewise/-/bytewise-1.1.0.tgz",
            "integrity": "sha1-HRPL/3F65xWAlKqIGzXQgbOHJT4=",
            "requires": {
                "bytewise-core": "^1.2.2",
                "typewise": "^1.0.3"
            }
        },
        "bytewise-core": {
            "version": "1.2.3",
            "resolved": "https://registry.npmjs.org/bytewise-core/-/bytewise-core-1.2.3.tgz",
            "integrity": "sha1-P7QQx+kVWOsasiqCg0V3qmvWHUI=",
            "requires": {
                "typewise-core": "^1.2"
            }
        },
        "caseless": {
            "version": "0.12.0",
            "resolved": "https://registry.npmjs.org/caseless/-/caseless-0.12.0.tgz",
            "integrity": "sha1-G2gcIf+EAzyCZUMJBolCDRhxUdw="
        },
        "combined-stream": {
            "version": "1.0.7",
            "resolved": "https://registry.npmjs.org/combined-stream/-/combined-stream-1.0.7.tgz",
            "integrity": "sha512-brWl9y6vOB1xYPZcpZde3N9zDByXTosAeMDo4p1wzo6UMOX4vumB+TP1RZ76sfE6Md68Q0NJSrE/gbezd4Ul+w==",
            "requires": {
                "delayed-stream": "~1.0.0"
            }
        },
        "commander": {
            "version": "5.1.0",
            "resolved": "https://registry.npmjs.org/commander/-/commander-5.1.0.tgz",
            "integrity": "sha512-P0CysNDQ7rtVw4QIQtm+MRxV66vKFSvlsQvGYXZWR3qFU0jlMKHZZZgw8e+8DSah4UDKMqnknRDQz+xuQXQ/Zg=="
        },
        "content-type": {
            "version": "1.0.4",
            "resolved": "https://registry.npmjs.org/content-type/-/content-type-1.0.4.tgz",
            "integrity": "sha512-hIP3EEPs8tB9AT1L+NUqtwOAps4mk2Zob89MWXMHjHWg9milF/j4osnnQLXBCBFBk/tvIG/tUc9mOUJiPBhPXA=="
        },
        "core-util-is": {
            "version": "1.0.2",
            "resolved": "https://registry.npmjs.org/core-util-is/-/core-util-is-1.0.2.tgz",
            "integrity": "sha1-tf1UIgqivFq1eqtxQMlAdUUDwac="
        },
        "dashdash": {
            "version": "1.14.1",
            "resolved": "https://registry.npmjs.org/dashdash/-/dashdash-1.14.1.tgz",
            "integrity": "sha1-hTz6D3y+L+1d4gMmuN1YEDX24vA=",
            "requires": {
                "assert-plus": "^1.0.0"
            }
        },
        "debug": {
            "version": "2.6.9",
            "resolved": "https://registry.npmjs.org/debug/-/debug-2.6.9.tgz",
            "integrity": "sha512-bC7ElrdJaJnPbAP+1EotYvqZsb3ecl5wi6Bfi6BJTUcNowp6cvspg0jXznRTKDjm/E7AdgFBVeAPVMNcKGsHMA==",
            "requires": {
                "ms": "2.0.0"
            }
        },
        "delayed-stream": {
            "version": "1.0.0",
            "resolved": "https://registry.npmjs.org/delayed-stream/-/delayed-stream-1.0.0.tgz",
            "integrity": "sha1-3zrhmayt+31ECqrgsp4icrJOxhk="
        },
        "depd": {
            "version": "1.1.2",
            "resolved": "https://registry.npmjs.org/depd/-/depd-1.1.2.tgz",
            "integrity": "sha1-m81S4UwJd2PnSbJ0xDRu0uVgtak="
        },
        "deprecate": {
            "version": "1.0.0",
            "resolved": "https://registry.npmjs.org/deprecate/-/deprecate-1.0.0.tgz",
            "integrity": "sha1-ZhSQ7SQokWpsiIPYg05WRvTkpKg="
        },
        "ecc-jsbn": {
            "version": "0.1.2",
            "resolved": "https://registry.npmjs.org/ecc-jsbn/-/ecc-jsbn-0.1.2.tgz",
            "integrity": "sha1-OoOpBOVDUyh4dMVkt1SThoSamMk=",
            "requires": {
                "jsbn": "~0.1.0",
                "safer-buffer": "^2.1.0"
            }
        },
        "ecdsa-sig-formatter": {
            "version": "1.0.11",
            "resolved": "https://registry.npmjs.org/ecdsa-sig-formatter/-/ecdsa-sig-formatter-1.0.11.tgz",
            "integrity": "sha512-nagl3RYrbNv6kQkeJIpt6NJZy8twLB/2vtz6yN9Z4vRKHN4/QZJIEbqohALSgwKdnksuY3k5Addp5lg8sVoVcQ==",
            "requires": {
                "safe-buffer": "^5.0.1"
            }
        },
        "ee-first": {
            "version": "1.1.1",
            "resolved": "https://registry.npmjs.org/ee-first/-/ee-first-1.1.1.tgz",
            "integrity": "sha1-WQxhFWsK4vTwJVcyoViyZrxWsh0="
        },
        "extend": {
            "version": "3.0.2",
            "resolved": "https://registry.npmjs.org/extend/-/extend-3.0.2.tgz",
            "integrity": "sha512-fjquC59cD7CyW6urNXK0FBufkZcoiGG80wTuPujX590cB5Ttln20E2UB4S/WARVqhXffZl2LNgS+gQdPIIim/g=="
        },
        "extend-shallow": {
            "version": "2.0.1",
            "resolved": "https://registry.npmjs.org/extend-shallow/-/extend-shallow-2.0.1.tgz",
            "integrity": "sha1-Ua99YUrZqfYQ6huvu5idaxxWiQ8=",
            "requires": {
                "is-extendable": "^0.1.0"
            }
        },
        "extsprintf": {
            "version": "1.3.0",
            "resolved": "https://registry.npmjs.org/extsprintf/-/extsprintf-1.3.0.tgz",
            "integrity": "sha1-lpGEQOMEGnpBT4xS48V06zw+HgU="
        },
        "fast-deep-equal": {
            "version": "2.0.1",
            "resolved": "https://registry.npmjs.org/fast-deep-equal/-/fast-deep-equal-2.0.1.tgz",
            "integrity": "sha1-ewUhjd+WZ79/Nwv3/bLLFf3Qqkk="
        },
        "fast-json-stable-stringify": {
            "version": "2.0.0",
            "resolved": "https://registry.npmjs.org/fast-json-stable-stringify/-/fast-json-stable-stringify-2.0.0.tgz",
            "integrity": "sha1-1RQsDK7msRifh9OnYREGT4bIu/I="
        },
        "forever-agent": {
            "version": "0.6.1",
            "resolved": "https://registry.npmjs.org/forever-agent/-/forever-agent-0.6.1.tgz",
            "integrity": "sha1-+8cfDEGt6zf5bFd60e1C2P2sypE="
        },
        "form-data": {
            "version": "2.3.3",
            "resolved": "https://registry.npmjs.org/form-data/-/form-data-2.3.3.tgz",
            "integrity": "sha512-1lLKB2Mu3aGP1Q/2eCOx0fNbRMe7XdwktwOruhfqqd0rIJWwN4Dh+E3hrPSlDCXnSR7UtZ1N38rVXm+6+MEhJQ==",
            "requires": {
                "asynckit": "^0.4.0",
                "combined-stream": "^1.0.6",
                "mime-types": "^2.1.12"
            }
        },
        "get-value": {
            "version": "2.0.6",
            "resolved": "https://registry.npmjs.org/get-value/-/get-value-2.0.6.tgz",
            "integrity": "sha1-3BXKHGcjh8p2vTesCjlbogQqLCg="
        },
        "getpass": {
            "version": "0.1.7",
            "resolved": "https://registry.npmjs.org/getpass/-/getpass-0.1.7.tgz",
            "integrity": "sha1-Xv+OPmhNVprkyysSgmBOi6YhSfo=",
            "requires": {
                "assert-plus": "^1.0.0"
            }
        },
        "har-schema": {
            "version": "2.0.0",
            "resolved": "https://registry.npmjs.org/har-schema/-/har-schema-2.0.0.tgz",
            "integrity": "sha1-qUwiJOvKwEeCoNkDVSHyRzW37JI="
        },
        "har-validator": {
            "version": "5.1.3",
            "resolved": "https://registry.npmjs.org/har-validator/-/har-validator-5.1.3.tgz",
            "integrity": "sha512-sNvOCzEQNr/qrvJgc3UG/kD4QtlHycrzwS+6mfTrrSq97BvaYcPZZI1ZSqGSPR73Cxn4LKTD4PttRwfU7jWq5g==",
            "requires": {
                "ajv": "^6.5.5",
                "har-schema": "^2.0.0"
            }
        },
        "http-errors": {
            "version": "1.6.3",
            "resolved": "https://registry.npmjs.org/http-errors/-/http-errors-1.6.3.tgz",
            "integrity": "sha1-i1VoC7S+KDoLW/TqLjhYC+HZMg0=",
            "requires": {
                "depd": "~1.1.2",
                "inherits": "2.0.3",
                "setprototypeof": "1.1.0",
                "statuses": ">= 1.4.0 < 2"
            }
        },
        "http-signature": {
            "version": "1.2.0",
            "resolved": "https://registry.npmjs.org/http-signature/-/http-signature-1.2.0.tgz",
            "integrity": "sha1-muzZJRFHcvPZW2WmCruPfBj7rOE=",
            "requires": {
                "assert-plus": "^1.0.0",
                "jsprim": "^1.2.2",
                "sshpk": "^1.7.0"
            }
        },
        "iconv-lite": {
            "version": "0.4.23",
            "resolved": "https://registry.npmjs.org/iconv-lite/-/iconv-lite-0.4.23.tgz",
            "integrity": "sha512-neyTUVFtahjf0mB3dZT77u+8O0QB89jFdnBkd5P1JgYPbPaia3gXXOVL2fq8VyU2gMMD7SaN7QukTB/pmXYvDA==",
            "requires": {
                "safer-buffer": ">= 2.1.2 < 3"
            }
        },
        "inherits": {
            "version": "2.0.3",
            "resolved": "https://registry.npmjs.org/inherits/-/inherits-2.0.3.tgz",
            "integrity": "sha1-Yzwsg+PaQqUC9SRmAiSA9CCCYd4="
        },
        "is-buffer": {
            "version": "1.1.6",
            "resolved": "https://registry.npmjs.org/is-buffer/-/is-buffer-1.1.6.tgz",
            "integrity": "sha512-NcdALwpXkTm5Zvvbk7owOUSvVvBKDgKP5/ewfXEznmQFfs4ZRmanOeKBTjRVjka3QFoN6XJ+9F3USqfHqTaU5w=="
        },
        "is-extendable": {
            "version": "0.1.1",
            "resolved": "https://registry.npmjs.org/is-extendable/-/is-extendable-0.1.1.tgz",
            "integrity": "sha1-YrEQ4omkcUGOPsNqYX1HLjAd/Ik="
        },
        "is-plain-object": {
            "version": "2.0.4",
            "resolved": "https://registry.npmjs.org/is-plain-object/-/is-plain-object-2.0.4.tgz",
            "integrity": "sha512-h5PpgXkWitc38BBMYawTYMWJHFZJVnBquFE57xFpjB8pJFiF6gZ+bU+WyI/yqXiFR5mdLsgYNaPe8uao6Uv9Og==",
            "requires": {
                "isobject": "^3.0.1"
            }
        },
        "is-typedarray": {
            "version": "1.0.0",
            "resolved": "https://registry.npmjs.org/is-typedarray/-/is-typedarray-1.0.0.tgz",
            "integrity": "sha1-5HnICFjfDBsR3dppQPlgEfzaSpo="
        },
        "isobject": {
            "version": "3.0.1",
            "resolved": "https://registry.npmjs.org/isobject/-/isobject-3.0.1.tgz",
            "integrity": "sha1-TkMekrEalzFjaqH5yNHMvP2reN8="
        },
        "isstream": {
            "version": "0.1.2",
            "resolved": "https://registry.npmjs.org/isstream/-/isstream-0.1.2.tgz",
            "integrity": "sha1-R+Y/evVa+m+S4VAOaQ64uFKcCZo="
        },
        "jsbn": {
            "version": "0.1.1",
            "resolved": "https://registry.npmjs.org/jsbn/-/jsbn-0.1.1.tgz",
            "integrity": "sha1-peZUwuWi3rXyAdls77yoDA7y9RM="
        },
        "json-schema": {
            "version": "0.2.3",
            "resolved": "https://registry.npmjs.org/json-schema/-/json-schema-0.2.3.tgz",
            "integrity": "sha1-tIDIkuWaLwWVTOcnvT8qTogvnhM="
        },
        "json-schema-traverse": {
            "version": "0.4.1",
            "resolved": "https://registry.npmjs.org/json-schema-traverse/-/json-schema-traverse-0.4.1.tgz",
            "integrity": "sha512-xbbCH5dCYU5T8LcEhhuh7HJ88HXuW3qsI3Y0zOZFKfZEHcpWiHU/Jxzk629Brsab/mMiHQti9wMP+845RPe3Vg=="
        },
        "json-stringify-safe": {
            "version": "5.0.1",
            "resolved": "https://registry.npmjs.org/json-stringify-safe/-/json-stringify-safe-5.0.1.tgz",
            "integrity": "sha1-Epai1Y/UXxmg9s4B1lcB4sc1tus="
        },
        "jsonwebtoken": {
            "version": "8.5.1",
            "resolved": "https://registry.npmjs.org/jsonwebtoken/-/jsonwebtoken-8.5.1.tgz",
            "integrity": "sha512-XjwVfRS6jTMsqYs0EsuJ4LGxXV14zQybNd4L2r0UvbVnSF9Af8x7p5MzbJ90Ioz/9TI41/hTCvznF/loiSzn8w==",
            "requires": {
                "jws": "^3.2.2",
                "lodash.includes": "^4.3.0",
                "lodash.isboolean": "^3.0.3",
                "lodash.isinteger": "^4.0.4",
                "lodash.isnumber": "^3.0.3",
                "lodash.isplainobject": "^4.0.6",
                "lodash.isstring": "^4.0.1",
                "lodash.once": "^4.0.0",
                "ms": "^2.1.1",
                "semver": "^5.6.0"
            },
            "dependencies": {
                "ms": {
                    "version": "2.1.1",
                    "resolved": "https://registry.npmjs.org/ms/-/ms-2.1.1.tgz",
                    "integrity": "sha512-tgp+dl5cGk28utYktBsrFqA7HKgrhgPsg6Z/EfhWI4gl1Hwq8B/GmY/0oXZ6nF8hDVesS/FpnYaD/kOWhYQvyg=="
                },
                "semver": {
                    "version": "5.7.0",
                    "resolved": "https://registry.npmjs.org/semver/-/semver-5.7.0.tgz",
                    "integrity": "sha512-Ya52jSX2u7QKghxeoFGpLwCtGlt7j0oY9DYb5apt9nPlJ42ID+ulTXESnt/qAQcoSERyZ5sl3LDIOw0nAn/5DA=="
                }
            }
        },
        "jsprim": {
            "version": "1.4.1",
            "resolved": "https://registry.npmjs.org/jsprim/-/jsprim-1.4.1.tgz",
            "integrity": "sha1-MT5mvB5cwG5Di8G3SZwuXFastqI=",
            "requires": {
                "assert-plus": "1.0.0",
                "extsprintf": "1.3.0",
                "json-schema": "0.2.3",
                "verror": "1.10.0"
            }
        },
        "jwa": {
            "version": "1.4.1",
            "resolved": "https://registry.npmjs.org/jwa/-/jwa-1.4.1.tgz",
            "integrity": "sha512-qiLX/xhEEFKUAJ6FiBMbes3w9ATzyk5W7Hvzpa/SLYdxNtng+gcurvrI7TbACjIXlsJyr05/S1oUhZrc63evQA==",
            "requires": {
                "buffer-equal-constant-time": "1.0.1",
                "ecdsa-sig-formatter": "1.0.11",
                "safe-buffer": "^5.0.1"
            }
        },
        "jws": {
            "version": "3.2.2",
            "resolved": "https://registry.npmjs.org/jws/-/jws-3.2.2.tgz",
            "integrity": "sha512-YHlZCB6lMTllWDtSPHz/ZXTsi8S00usEV6v1tjq8tOUZzw7DpSDWVXjXDre6ed1w/pd495ODpHZYSdkRTsa0HA==",
            "requires": {
                "jwa": "^1.4.1",
                "safe-buffer": "^5.0.1"
            }
        },
        "kind-of": {
            "version": "3.2.2",
            "resolved": "https://registry.npmjs.org/kind-of/-/kind-of-3.2.2.tgz",
            "integrity": "sha1-MeohpzS6ubuw8yRm2JOupR5KPGQ=",
            "requires": {
                "is-buffer": "^1.1.5"
            }
        },
        "lodash": {
            "version": "4.17.19",
            "resolved": "https://registry.npmjs.org/lodash/-/lodash-4.17.19.tgz",
            "integrity": "sha512-JNvd8XER9GQX0v2qJgsaN/mzFCNA5BRe/j8JN9d+tWyGLSodKQHKFicdwNYzWwI3wjRnaKPsGj1XkBjx/F96DQ=="
        },
        "lodash.includes": {
            "version": "4.3.0",
            "resolved": "https://registry.npmjs.org/lodash.includes/-/lodash.includes-4.3.0.tgz",
            "integrity": "sha1-YLuYqHy5I8aMoeUTJUgzFISfVT8="
        },
        "lodash.isboolean": {
            "version": "3.0.3",
            "resolved": "https://registry.npmjs.org/lodash.isboolean/-/lodash.isboolean-3.0.3.tgz",
            "integrity": "sha1-bC4XHbKiV82WgC/UOwGyDV9YcPY="
        },
        "lodash.isinteger": {
            "version": "4.0.4",
            "resolved": "https://registry.npmjs.org/lodash.isinteger/-/lodash.isinteger-4.0.4.tgz",
            "integrity": "sha1-YZwK89A/iwTDH1iChAt3sRzWg0M="
        },
        "lodash.isnumber": {
            "version": "3.0.3",
            "resolved": "https://registry.npmjs.org/lodash.isnumber/-/lodash.isnumber-3.0.3.tgz",
            "integrity": "sha1-POdoEMWSjQM1IwGsKHMX8RwLH/w="
        },
        "lodash.isplainobject": {
            "version": "4.0.6",
            "resolved": "https://registry.npmjs.org/lodash.isplainobject/-/lodash.isplainobject-4.0.6.tgz",
            "integrity": "sha1-fFJqUtibRcRcxpC4gWO+BJf1UMs="
        },
        "lodash.isstring": {
            "version": "4.0.1",
            "resolved": "https://registry.npmjs.org/lodash.isstring/-/lodash.isstring-4.0.1.tgz",
            "integrity": "sha1-1SfftUVuynzJu5XV2ur4i6VKVFE="
        },
        "lodash.once": {
            "version": "4.1.1",
            "resolved": "https://registry.npmjs.org/lodash.once/-/lodash.once-4.1.1.tgz",
            "integrity": "sha1-DdOXEhPHxW34gJd9UEyI+0cal6w="
        },
        "media-typer": {
            "version": "0.3.0",
            "resolved": "https://registry.npmjs.org/media-typer/-/media-typer-0.3.0.tgz",
            "integrity": "sha1-hxDXrwqmJvj/+hzgAWhUUmMlV0g="
        },
        "mime-db": {
            "version": "1.38.0",
            "resolved": "https://registry.npmjs.org/mime-db/-/mime-db-1.38.0.tgz",
            "integrity": "sha512-bqVioMFFzc2awcdJZIzR3HjZFX20QhilVS7hytkKrv7xFAn8bM1gzc/FOX2awLISvWe0PV8ptFKcon+wZ5qYkg=="
        },
        "mime-types": {
            "version": "2.1.22",
            "resolved": "https://registry.npmjs.org/mime-types/-/mime-types-2.1.22.tgz",
            "integrity": "sha512-aGl6TZGnhm/li6F7yx82bJiBZwgiEa4Hf6CNr8YO+r5UHr53tSTYZb102zyU50DOWWKeOv0uQLRL0/9EiKWCog==",
            "requires": {
                "mime-db": "~1.38.0"
            }
        },
        "moment": {
            "version": "2.19.3",
            "resolved": "https://registry.npmjs.org/moment/-/moment-2.19.3.tgz",
            "integrity": "sha1-vbmdJw1tf9p4zA+6zoVeJ/59pp8="
        },
        "ms": {
            "version": "2.0.0",
            "resolved": "https://registry.npmjs.org/ms/-/ms-2.0.0.tgz",
            "integrity": "sha1-VgiurfwAvmwpAd9fmGF4jeDVl8g="
        },
        "oauth-sign": {
            "version": "0.9.0",
            "resolved": "https://registry.npmjs.org/oauth-sign/-/oauth-sign-0.9.0.tgz",
            "integrity": "sha512-fexhUFFPTGV8ybAtSIGbV6gOkSv8UtRbDBnAyLQw4QPKkgNlsH2ByPGtMUqdWkos6YCRmAqViwgZrJc/mRDzZQ=="
        },
        "on-finished": {
            "version": "2.3.0",
            "resolved": "https://registry.npmjs.org/on-finished/-/on-finished-2.3.0.tgz",
            "integrity": "sha1-IPEzZIGwg811M3mSoWlxqi2QaUc=",
            "requires": {
                "ee-first": "1.1.1"
            }
        },
        "packet-reader": {
            "version": "1.0.0",
            "resolved": "https://registry.npmjs.org/packet-reader/-/packet-reader-1.0.0.tgz",
            "integrity": "sha512-HAKu/fG3HpHFO0AA8WE8q2g+gBJaZ9MG7fcKk+IJPLTGAD6Psw4443l+9DGRbOIh3/aXr7Phy0TjilYivJo5XQ=="
        },
        "performance-now": {
            "version": "2.1.0",
            "resolved": "https://registry.npmjs.org/performance-now/-/performance-now-2.1.0.tgz",
            "integrity": "sha1-Ywn04OX6kT7BxpMHrjZLSzd8nns="
        },
        "pg": {
            "version": "7.9.0",
            "resolved": "https://registry.npmjs.org/pg/-/pg-7.9.0.tgz",
            "integrity": "sha512-GkzteBFpsIoIBCSuomqik3IGvhqAtTr32jclR24RmUg170Jrn6ypwR97YalFHrsE1iaW8T0aAH13dmij8QUQ0g==",
            "requires": {
                "buffer-writer": "2.0.0",
                "packet-reader": "1.0.0",
                "pg-connection-string": "0.1.3",
                "pg-pool": "^2.0.4",
                "pg-types": "~2.0.0",
                "pgpass": "1.x",
                "semver": "4.3.2"
            }
        },
        "pg-connection-string": {
            "version": "0.1.3",
            "resolved": "https://registry.npmjs.org/pg-connection-string/-/pg-connection-string-0.1.3.tgz",
            "integrity": "sha1-2hhHsglA5C7hSSvq9l1J2RskXfc="
        },
        "pg-format": {
            "version": "1.0.4",
            "resolved": "https://registry.npmjs.org/pg-format/-/pg-format-1.0.4.tgz",
            "integrity": "sha1-J3NCNsKtP05QZJFaWTNOIAQKgo4="
        },
        "pg-int8": {
            "version": "1.0.1",
            "resolved": "https://registry.npmjs.org/pg-int8/-/pg-int8-1.0.1.tgz",
            "integrity": "sha512-WCtabS6t3c8SkpDBUlb1kjOs7l66xsGdKpIPZsg4wR+B3+u9UAum2odSsF9tnvxg80h4ZxLWMy4pRjOsFIqQpw=="
        },
        "pg-pool": {
            "version": "2.0.6",
            "resolved": "https://registry.npmjs.org/pg-pool/-/pg-pool-2.0.6.tgz",
            "integrity": "sha512-hod2zYQxM8Gt482q+qONGTYcg/qVcV32VHVPtktbBJs0us3Dj7xibISw0BAAXVMCzt8A/jhfJvpZaxUlqtqs0g=="
        },
        "pg-types": {
            "version": "2.0.1",
            "resolved": "https://registry.npmjs.org/pg-types/-/pg-types-2.0.1.tgz",
            "integrity": "sha512-b7y6QM1VF5nOeX9ukMQ0h8a9z89mojrBHXfJeSug4mhL0YpxNBm83ot2TROyoAmX/ZOX3UbwVO4EbH7i1ZZNiw==",
            "requires": {
                "pg-int8": "1.0.1",
                "postgres-array": "~2.0.0",
                "postgres-bytea": "~1.0.0",
                "postgres-date": "~1.0.4",
                "postgres-interval": "^1.1.0"
            }
        },
        "pgpass": {
            "version": "1.0.2",
            "resolved": "https://registry.npmjs.org/pgpass/-/pgpass-1.0.2.tgz",
            "integrity": "sha1-Knu0G2BltnkH6R2hsHwYR8h3swY=",
            "requires": {
                "split": "^1.0.0"
            }
        },
        "pop-iterate": {
            "version": "1.0.1",
            "resolved": "https://registry.npmjs.org/pop-iterate/-/pop-iterate-1.0.1.tgz",
            "integrity": "sha1-zqz9q0q/NT16DyqqLB/Hs/lBO6M="
        },
        "postgres-array": {
            "version": "2.0.0",
            "resolved": "https://registry.npmjs.org/postgres-array/-/postgres-array-2.0.0.tgz",
            "integrity": "sha512-VpZrUqU5A69eQyW2c5CA1jtLecCsN2U/bD6VilrFDWq5+5UIEVO7nazS3TEcHf1zuPYO/sqGvUvW62g86RXZuA=="
        },
        "postgres-bytea": {
            "version": "1.0.0",
            "resolved": "https://registry.npmjs.org/postgres-bytea/-/postgres-bytea-1.0.0.tgz",
            "integrity": "sha1-AntTPAqokOJtFy1Hz5zOzFIazTU="
        },
        "postgres-date": {
            "version": "1.0.4",
            "resolved": "https://registry.npmjs.org/postgres-date/-/postgres-date-1.0.4.tgz",
            "integrity": "sha512-bESRvKVuTrjoBluEcpv2346+6kgB7UlnqWZsnbnCccTNq/pqfj1j6oBaN5+b/NrDXepYUT/HKadqv3iS9lJuVA=="
        },
        "postgres-interval": {
            "version": "1.2.0",
            "resolved": "https://registry.npmjs.org/postgres-interval/-/postgres-interval-1.2.0.tgz",
            "integrity": "sha512-9ZhXKM/rw350N1ovuWHbGxnGh/SNJ4cnxHiM0rxE4VN41wsg8P8zWn9hv/buK00RP4WvlOyr/RBDiptyxVbkZQ==",
            "requires": {
                "xtend": "^4.0.0"
            }
        },
        "psl": {
            "version": "1.1.31",
            "resolved": "https://registry.npmjs.org/psl/-/psl-1.1.31.tgz",
            "integrity": "sha512-/6pt4+C+T+wZUieKR620OpzN/LlnNKuWjy1iFLQ/UG35JqHlR/89MP1d96dUfkf6Dne3TuLQzOYEYshJ+Hx8mw=="
        },
        "punycode": {
            "version": "2.1.1",
            "resolved": "https://registry.npmjs.org/punycode/-/punycode-2.1.1.tgz",
            "integrity": "sha512-XRsRjdf+j5ml+y/6GKHPZbrF/8p2Yga0JPtdqTIY2Xe5ohJPD9saDJJLPvp9+NSBprVvevdXZybnj2cv8OEd0A=="
        },
        "q": {
            "version": "2.0.3",
            "resolved": "https://registry.npmjs.org/q/-/q-2.0.3.tgz",
            "integrity": "sha1-dbjbAlWhpa+C9Yw/Oqoe/sfQ0TQ=",
            "requires": {
                "asap": "^2.0.0",
                "pop-iterate": "^1.0.1",
                "weak-map": "^1.0.5"
            }
        },
        "qs": {
            "version": "6.5.2",
            "resolved": "https://registry.npmjs.org/qs/-/qs-6.5.2.tgz",
            "integrity": "sha512-N5ZAX4/LxJmF+7wN74pUD6qAh9/wnvdQcjq9TZjevvXzSUo7bfmw91saqMjzGS2xq91/odN2dW/WOl7qQHNDGA=="
        },
        "raw-body": {
            "version": "2.3.3",
            "resolved": "https://registry.npmjs.org/raw-body/-/raw-body-2.3.3.tgz",
            "integrity": "sha512-9esiElv1BrZoI3rCDuOuKCBRbuApGGaDPQfjSflGxdy4oyzqghxu6klEkkVIvBje+FF0BX9coEv8KqW6X/7njw==",
            "requires": {
                "bytes": "3.0.0",
                "http-errors": "1.6.3",
                "iconv-lite": "0.4.23",
                "unpipe": "1.0.0"
            }
        },
        "request": {
            "version": "2.88.0",
            "resolved": "https://registry.npmjs.org/request/-/request-2.88.0.tgz",
            "integrity": "sha512-NAqBSrijGLZdM0WZNsInLJpkJokL72XYjUpnB0iwsRgxh7dB6COrHnTBNwN0E+lHDAJzu7kLAkDeY08z2/A0hg==",
            "requires": {
                "aws-sign2": "~0.7.0",
                "aws4": "^1.8.0",
                "caseless": "~0.12.0",
                "combined-stream": "~1.0.6",
                "extend": "~3.0.2",
                "forever-agent": "~0.6.1",
                "form-data": "~2.3.2",
                "har-validator": "~5.1.0",
                "http-signature": "~1.2.0",
                "is-typedarray": "~1.0.0",
                "isstream": "~0.1.2",
                "json-stringify-safe": "~5.0.1",
                "mime-types": "~2.1.19",
                "oauth-sign": "~0.9.0",
                "performance-now": "^2.1.0",
                "qs": "~6.5.2",
                "safe-buffer": "^5.1.2",
                "tough-cookie": "~2.4.3",
                "tunnel-agent": "^0.6.0",
                "uuid": "^3.3.2"
            }
        },
        "rootpath": {
            "version": "0.1.2",
            "resolved": "https://registry.npmjs.org/rootpath/-/rootpath-0.1.2.tgz",
            "integrity": "sha1-Wzeah9ypBum5HWkKWZQ5vvJn6ms="
        },
        "safe-buffer": {
            "version": "5.1.2",
            "resolved": "https://registry.npmjs.org/safe-buffer/-/safe-buffer-5.1.2.tgz",
            "integrity": "sha512-Gd2UZBJDkXlY7GbJxfsE8/nvKkUEU1G38c1siN6QP6a9PT9MmHB8GnpscSmMJSoF8LOIrt8ud/wPtojys4G6+g=="
        },
        "safer-buffer": {
            "version": "2.1.2",
            "resolved": "https://registry.npmjs.org/safer-buffer/-/safer-buffer-2.1.2.tgz",
            "integrity": "sha512-YZo3K82SD7Riyi0E1EQPojLz7kpepnSQI9IyPbHHg1XXXevb5dJI7tpyN2ADxGcQbHG7vcyRHk0cbwqcQriUtg=="
        },
        "scmp": {
            "version": "2.0.0",
            "resolved": "https://registry.npmjs.org/scmp/-/scmp-2.0.0.tgz",
            "integrity": "sha1-JHEQ7yLM+JexOj8KvdtSeCOTzWo="
        },
        "semver": {
            "version": "4.3.2",
            "resolved": "https://registry.npmjs.org/semver/-/semver-4.3.2.tgz",
            "integrity": "sha1-x6BxWKgL7dBSNVt3DYLWZA+AO+c="
        },
        "set-value": {
            "version": "0.4.3",
            "resolved": "https://registry.npmjs.org/set-value/-/set-value-0.4.3.tgz",
            "integrity": "sha1-fbCPnT0i3H945Trzw79GZuzfzPE=",
            "requires": {
                "extend-shallow": "^2.0.1",
                "is-extendable": "^0.1.1",
                "is-plain-object": "^2.0.1",
                "to-object-path": "^0.3.0"
            }
        },
        "setprototypeof": {
            "version": "1.1.0",
            "resolved": "https://registry.npmjs.org/setprototypeof/-/setprototypeof-1.1.0.tgz",
            "integrity": "sha512-BvE/TwpZX4FXExxOxZyRGQQv651MSwmWKZGqvmPcRIjDqWub67kTKuIMx43cZZrS/cBBzwBcNDWoFxt2XEFIpQ=="
        },
        "sort-asc": {
            "version": "0.2.0",
            "resolved": "https://registry.npmjs.org/sort-asc/-/sort-asc-0.2.0.tgz",
            "integrity": "sha1-AKSelHvCXVEL/eLLuN/9qfUOsvw="
        },
        "sort-desc": {
            "version": "0.2.0",
            "resolved": "https://registry.npmjs.org/sort-desc/-/sort-desc-0.2.0.tgz",
            "integrity": "sha1-KAwb2vxld4h87brR7S5BwDeXZkY="
        },
        "sort-object": {
            "version": "3.0.2",
            "resolved": "https://registry.npmjs.org/sort-object/-/sort-object-3.0.2.tgz",
            "integrity": "sha1-2vK2k/YR990qIbgrgF5OrCMPdV4=",
            "requires": {
                "bytewise": "^1.1.0",
                "get-value": "^2.0.2",
                "is-extendable": "^0.1.1",
                "sort-asc": "^0.2.0",
                "sort-desc": "^0.2.0",
                "union-value": "^0.2.3"
            }
        },
        "split": {
            "version": "1.0.1",
            "resolved": "https://registry.npmjs.org/split/-/split-1.0.1.tgz",
            "integrity": "sha512-mTyOoPbrivtXnwnIxZRFYRrPNtEFKlpB2fvjSnCQUiAA6qAZzqwna5envK4uk6OIeP17CsdF3rSBGYVBsU0Tkg==",
            "requires": {
                "through": "2"
            }
        },
        "sshpk": {
            "version": "1.16.1",
            "resolved": "https://registry.npmjs.org/sshpk/-/sshpk-1.16.1.tgz",
            "integrity": "sha512-HXXqVUq7+pcKeLqqZj6mHFUMvXtOJt1uoUx09pFW6011inTMxqI8BA8PM95myrIyyKwdnzjdFjLiE6KBPVtJIg==",
            "requires": {
                "asn1": "~0.2.3",
                "assert-plus": "^1.0.0",
                "bcrypt-pbkdf": "^1.0.0",
                "dashdash": "^1.12.0",
                "ecc-jsbn": "~0.1.1",
                "getpass": "^0.1.1",
                "jsbn": "~0.1.0",
                "safer-buffer": "^2.0.2",
                "tweetnacl": "~0.14.0"
            }
        },
        "statuses": {
            "version": "1.5.0",
            "resolved": "https://registry.npmjs.org/statuses/-/statuses-1.5.0.tgz",
            "integrity": "sha1-Fhx9rBd2Wf2YEfQ3cfqZOBR4Yow="
        },
        "through": {
            "version": "2.3.8",
            "resolved": "https://registry.npmjs.org/through/-/through-2.3.8.tgz",
            "integrity": "sha1-DdTJ/6q8NXlgsbckEV1+Doai4fU="
        },
        "to-object-path": {
            "version": "0.3.0",
            "resolved": "https://registry.npmjs.org/to-object-path/-/to-object-path-0.3.0.tgz",
            "integrity": "sha1-KXWIt7Dn4KwI4E5nL4XB9JmeF68=",
            "requires": {
                "kind-of": "^3.0.2"
            }
        },
        "tough-cookie": {
            "version": "2.4.3",
            "resolved": "https://registry.npmjs.org/tough-cookie/-/tough-cookie-2.4.3.tgz",
            "integrity": "sha512-Q5srk/4vDM54WJsJio3XNn6K2sCG+CQ8G5Wz6bZhRZoAe/+TxjWB/GlFAnYEbkYVlON9FMk/fE3h2RLpPXo4lQ==",
            "requires": {
                "psl": "^1.1.24",
                "punycode": "^1.4.1"
            },
            "dependencies": {
                "punycode": {
                    "version": "1.4.1",
                    "resolved": "https://registry.npmjs.org/punycode/-/punycode-1.4.1.tgz",
                    "integrity": "sha1-wNWmOycYgArY4esPpSachN1BhF4="
                }
            }
        },
        "tunnel-agent": {
            "version": "0.6.0",
            "resolved": "https://registry.npmjs.org/tunnel-agent/-/tunnel-agent-0.6.0.tgz",
            "integrity": "sha1-J6XeoGs2sEoKmWZ3SykIaPD8QP0=",
            "requires": {
                "safe-buffer": "^5.0.1"
            }
        },
        "tweetnacl": {
            "version": "0.14.5",
            "resolved": "https://registry.npmjs.org/tweetnacl/-/tweetnacl-0.14.5.tgz",
            "integrity": "sha1-WuaBd/GS1EViadEIr6k/+HQ/T2Q="
        },
        "twilio": {
            "version": "3.29.2",
            "resolved": "https://registry.npmjs.org/twilio/-/twilio-3.29.2.tgz",
            "integrity": "sha512-oTa4o1DlPNbV/n8dWK8ymP0NLwCepU7Hu31W86RjmF5cCACDlFcNaw0+/UHoVIa99L5A93mpBwoayQpAJ2ZOzA==",
            "requires": {
                "deprecate": "1.0.0",
                "jsonwebtoken": "^8.1.0",
                "lodash": "^4.17.11",
                "moment": "2.19.3",
                "q": "2.0.x",
                "request": "^2.88.0",
                "rootpath": "0.1.2",
                "scmp": "2.0.0",
                "xmlbuilder": "9.0.1"
            }
        },
        "type-is": {
            "version": "1.6.16",
            "resolved": "https://registry.npmjs.org/type-is/-/type-is-1.6.16.tgz",
            "integrity": "sha512-HRkVv/5qY2G6I8iab9cI7v1bOIdhm94dVjQCPFElW9W+3GeDOSHmy2EBYe4VTApuzolPcmgFTN3ftVJRKR2J9Q==",
            "requires": {
                "media-typer": "0.3.0",
                "mime-types": "~2.1.18"
            }
        },
        "typewise": {
            "version": "1.0.3",
            "resolved": "https://registry.npmjs.org/typewise/-/typewise-1.0.3.tgz",
            "integrity": "sha1-EGeTZUCvl5N8xdz5kiSG6fooRlE=",
            "requires": {
                "typewise-core": "^1.2.0"
            }
        },
        "typewise-core": {
            "version": "1.2.0",
            "resolved": "https://registry.npmjs.org/typewise-core/-/typewise-core-1.2.0.tgz",
            "integrity": "sha1-l+uRgFx/VdL5QXSPpQ0xXZke8ZU="
        },
        "union-value": {
            "version": "0.2.4",
            "resolved": "https://registry.npmjs.org/union-value/-/union-value-0.2.4.tgz",
            "integrity": "sha1-c3UVJ4ZnkFfns3qmdug0aPwCdPA=",
            "requires": {
                "arr-union": "^3.1.0",
                "get-value": "^2.0.6",
                "is-extendable": "^0.1.1",
                "set-value": "^0.4.3"
            }
        },
        "unpipe": {
            "version": "1.0.0",
            "resolved": "https://registry.npmjs.org/unpipe/-/unpipe-1.0.0.tgz",
            "integrity": "sha1-sr9O6FFKrmFltIF4KdIbLvSZBOw="
        },
        "uri-js": {
            "version": "4.2.2",
            "resolved": "https://registry.npmjs.org/uri-js/-/uri-js-4.2.2.tgz",
            "integrity": "sha512-KY9Frmirql91X2Qgjry0Wd4Y+YTdrdZheS8TFwvkbLWf/G5KNJDCh6pKL5OZctEW4+0Baa5idK2ZQuELRwPznQ==",
            "requires": {
                "punycode": "^2.1.0"
            }
        },
        "uuid": {
            "version": "3.3.2",
            "resolved": "https://registry.npmjs.org/uuid/-/uuid-3.3.2.tgz",
            "integrity": "sha512-yXJmeNaw3DnnKAOKJE51sL/ZaYfWJRl1pK9dr19YFCu0ObS231AB1/LbqTKRAQ5kw8A90rA6fr4riOUpTZvQZA=="
        },
        "verror": {
            "version": "1.10.0",
            "resolved": "https://registry.npmjs.org/verror/-/verror-1.10.0.tgz",
            "integrity": "sha1-OhBcoXBTr1XW4nDB+CiGguGNpAA=",
            "requires": {
                "assert-plus": "^1.0.0",
                "core-util-is": "1.0.2",
                "extsprintf": "^1.2.0"
            }
        },
        "weak-map": {
            "version": "1.0.5",
            "resolved": "https://registry.npmjs.org/weak-map/-/weak-map-1.0.5.tgz",
            "integrity": "sha1-eWkVhNmGB/UHC9O3CkDmuyLkAes="
        },
        "xmlbuilder": {
            "version": "9.0.1",
            "resolved": "https://registry.npmjs.org/xmlbuilder/-/xmlbuilder-9.0.1.tgz",
            "integrity": "sha1-kc1wiXdVNj66V8Et3uq0o0GmH2U="
        },
        "xtend": {
            "version": "4.0.1",
            "resolved": "https://registry.npmjs.org/xtend/-/xtend-4.0.1.tgz",
            "integrity": "sha1-pcbVMr5lbiPbgg77lDofBJmNY68="
        }
    }
}
